
Microsoft Visual Studio Solution File, Format Version 12.00
# Visual Studio Version 17
VisualStudioVersion = 17.3.32721.290
MinimumVisualStudioVersion = 10.0.40219.1
Project("{9A19103F-16F7-4668-BE54-9A1E7A4F7556}") = "OneProductivityHubNetCore", "OneProductivityHubNetCore\OneProductivityHubNetCore.csproj", "{0E0AA111-8C84-4BD3-8168-5AC6E9153DC5}"
EndProject
Global
	GlobalSection(SolutionConfigurationPlatforms) = preSolution
		Debug|Any CPU = Debug|Any CPU
		Release|Any CPU = Release|Any CPU
	EndGlobalSection
	GlobalSection(ProjectConfigurationPlatforms) = postSolution
		{0E0AA111-8C84-4BD3-8168-5AC6E9153DC5}.Debug|Any CPU.ActiveCfg = Debug|Any CPU
		{0E0AA111-8C84-4BD3-8168-5AC6E9153DC5}.Debug|Any CPU.Build.0 = Debug|Any CPU
		{0E0AA111-8C84-4BD3-8168-5AC6E9153DC5}.Debug|Any CPU.Deploy.0 = Debug|Any CPU
		{0E0AA111-8C84-4BD3-8168-5AC6E9153DC5}.Release|Any CPU.ActiveCfg = Release|Any CPU
		{0E0AA111-8C84-4BD3-8168-5AC6E9153DC5}.Release|Any CPU.Build.0 = Release|Any CPU
		{0E0AA111-8C84-4BD3-8168-5AC6E9153DC5}.Release|Any CPU.Deploy.0 = Release|Any CPU
	EndGlobalSection
	GlobalSection(SolutionProperties) = preSolution
		HideSolutionNode = FALSE
	EndGlobalSection
	GlobalSection(ExtensibilityGlobals) = postSolution
		SolutionGuid = {2E50EB7B-E450-4FD0-B398-B59DE92B8FC0}
	EndGlobalSection
EndGlobal
